
Microsoft Visual Studio Solution File, Format Version 11.00
# Visual Studio 2010
Project("{8BC9CEB8-8B4A-11D0-8D11-00A0C91BC942}") = "TEST_HLA_Simple", "TEST_HLA_Simple\TEST_HLA_Simple.vcxproj", "{3F173029-BBD7-4C7A-94A5-A55E5C9F1686}"
EndProject
Global
	GlobalSection(SolutionConfigurationPlatforms) = preSolution
		Debug|Win32 = Debug|Win32
		Release|Win32 = Release|Win32
	EndGlobalSection
	GlobalSection(ProjectConfigurationPlatforms) = postSolution
		{3F173029-BBD7-4C7A-94A5-A55E5C9F1686}.Debug|Win32.ActiveCfg = Debug|Win32
		{3F173029-BBD7-4C7A-94A5-A55E5C9F1686}.Debug|Win32.Build.0 = Debug|Win32
		{3F173029-BBD7-4C7A-94A5-A55E5C9F1686}.Release|Win32.ActiveCfg = Release|Win32
		{3F173029-BBD7-4C7A-94A5-A55E5C9F1686}.Release|Win32.Build.0 = Release|Win32
	EndGlobalSection
	GlobalSection(SolutionProperties) = preSolution
		HideSolutionNode = FALSE
	EndGlobalSection
EndGlobal
