
Microsoft Visual Studio Solution File, Format Version 11.00
# Visual Studio 2010
Project("{8BC9CEB8-8B4A-11D0-8D11-00A0C91BC942}") = "HLA_HelloWorld_NT", "HLA_HelloWorld_NT\HLA_HelloWorld_NT.vcxproj", "{80A11A4A-81E5-499E-ACEB-606175DE6A0D}"
EndProject
Global
	GlobalSection(SolutionConfigurationPlatforms) = preSolution
		Debug|Win32 = Debug|Win32
		Release|Win32 = Release|Win32
	EndGlobalSection
	GlobalSection(ProjectConfigurationPlatforms) = postSolution
		{80A11A4A-81E5-499E-ACEB-606175DE6A0D}.Debug|Win32.ActiveCfg = Debug|Win32
		{80A11A4A-81E5-499E-ACEB-606175DE6A0D}.Debug|Win32.Build.0 = Debug|Win32
		{80A11A4A-81E5-499E-ACEB-606175DE6A0D}.Release|Win32.ActiveCfg = Release|Win32
		{80A11A4A-81E5-499E-ACEB-606175DE6A0D}.Release|Win32.Build.0 = Release|Win32
	EndGlobalSection
	GlobalSection(SolutionProperties) = preSolution
		HideSolutionNode = FALSE
	EndGlobalSection
EndGlobal
